
Microsoft Visual Studio Solution File, Format Version 12.00
# Visual Studio Version 16
VisualStudioVersion = 16.0.29613.14
MinimumVisualStudioVersion = 10.0.40219.1
Project("{FAE04EC0-301F-11D3-BF4B-00C04F79EFBC}") = "WeApiUdemyEmpty", "WeApiUdemyEmpty\WeApiUdemyEmpty.csproj", "{13A0D601-87E9-4FB7-A2ED-C2D3EC8F5238}"
EndProject
Global
	GlobalSection(SolutionConfigurationPlatforms) = preSolution
		Debug|Any CPU = Debug|Any CPU
		Release|Any CPU = Release|Any CPU
	EndGlobalSection
	GlobalSection(ProjectConfigurationPlatforms) = postSolution
		{13A0D601-87E9-4FB7-A2ED-C2D3EC8F5238}.Debug|Any CPU.ActiveCfg = Debug|Any CPU
		{13A0D601-87E9-4FB7-A2ED-C2D3EC8F5238}.Debug|Any CPU.Build.0 = Debug|Any CPU
		{13A0D601-87E9-4FB7-A2ED-C2D3EC8F5238}.Release|Any CPU.ActiveCfg = Release|Any CPU
		{13A0D601-87E9-4FB7-A2ED-C2D3EC8F5238}.Release|Any CPU.Build.0 = Release|Any CPU
	EndGlobalSection
	GlobalSection(SolutionProperties) = preSolution
		HideSolutionNode = FALSE
	EndGlobalSection
	GlobalSection(ExtensibilityGlobals) = postSolution
		SolutionGuid = {7B85F3E5-3F51-44B2-A080-301492CA178D}
	EndGlobalSection
EndGlobal
