
Microsoft Visual Studio Solution File, Format Version 12.00
# Visual Studio Version 16
VisualStudioVersion = 16.0.29613.14
MinimumVisualStudioVersion = 10.0.40219.1
Project("{FAE04EC0-301F-11D3-BF4B-00C04F79EFBC}") = "ModelExample", "ModelExample\ModelExample.csproj", "{5C743061-0032-4E15-A436-84C1EFE0C46E}"
EndProject
Global
	GlobalSection(SolutionConfigurationPlatforms) = preSolution
		Debug|Any CPU = Debug|Any CPU
		Release|Any CPU = Release|Any CPU
	EndGlobalSection
	GlobalSection(ProjectConfigurationPlatforms) = postSolution
		{5C743061-0032-4E15-A436-84C1EFE0C46E}.Debug|Any CPU.ActiveCfg = Debug|Any CPU
		{5C743061-0032-4E15-A436-84C1EFE0C46E}.Debug|Any CPU.Build.0 = Debug|Any CPU
		{5C743061-0032-4E15-A436-84C1EFE0C46E}.Release|Any CPU.ActiveCfg = Release|Any CPU
		{5C743061-0032-4E15-A436-84C1EFE0C46E}.Release|Any CPU.Build.0 = Release|Any CPU
	EndGlobalSection
	GlobalSection(SolutionProperties) = preSolution
		HideSolutionNode = FALSE
	EndGlobalSection
	GlobalSection(ExtensibilityGlobals) = postSolution
		SolutionGuid = {DDDDA033-60F2-45BF-B972-BFD158CE4FC2}
	EndGlobalSection
EndGlobal
