
Microsoft Visual Studio Solution File, Format Version 12.00
# Visual Studio Version 16
VisualStudioVersion = 16.0.29613.14
MinimumVisualStudioVersion = 10.0.40219.1
Project("{FAE04EC0-301F-11D3-BF4B-00C04F79EFBC}") = "ServiceRockola", "ServiceRockola\ServiceRockola.csproj", "{8DB30119-6D29-4797-9029-9A409925EBF0}"
EndProject
Global
	GlobalSection(SolutionConfigurationPlatforms) = preSolution
		Debug|Any CPU = Debug|Any CPU
		Release|Any CPU = Release|Any CPU
	EndGlobalSection
	GlobalSection(ProjectConfigurationPlatforms) = postSolution
		{8DB30119-6D29-4797-9029-9A409925EBF0}.Debug|Any CPU.ActiveCfg = Debug|Any CPU
		{8DB30119-6D29-4797-9029-9A409925EBF0}.Debug|Any CPU.Build.0 = Debug|Any CPU
		{8DB30119-6D29-4797-9029-9A409925EBF0}.Release|Any CPU.ActiveCfg = Release|Any CPU
		{8DB30119-6D29-4797-9029-9A409925EBF0}.Release|Any CPU.Build.0 = Release|Any CPU
	EndGlobalSection
	GlobalSection(SolutionProperties) = preSolution
		HideSolutionNode = FALSE
	EndGlobalSection
	GlobalSection(ExtensibilityGlobals) = postSolution
		SolutionGuid = {6571CC4B-43EE-439A-982D-D8501F17F2C0}
	EndGlobalSection
EndGlobal
