
Microsoft Visual Studio Solution File, Format Version 12.00
# Visual Studio Version 16
VisualStudioVersion = 16.0.30204.135
MinimumVisualStudioVersion = 10.0.40219.1
Project("{FAE04EC0-301F-11D3-BF4B-00C04F79EFBC}") = "ACM.BL", "ACM.BL\ACM.BL.csproj", "{3E689F6F-FA5E-4EED-BFC0-40525ACCCE9F}"
EndProject
Project("{2150E333-8FDC-42A3-9474-1A3956D46DE8}") = "Tests", "Tests", "{636402E0-0C2D-4F45-B813-009E4A59566C}"
EndProject
Project("{FAE04EC0-301F-11D3-BF4B-00C04F79EFBC}") = "ACM.BLTest", "Tests\ACM.BLTest\ACM.BLTest.csproj", "{81BFFC72-9A6E-4199-B311-8FA6205205F7}"
EndProject
Project("{FAE04EC0-301F-11D3-BF4B-00C04F79EFBC}") = "Acme.Common", "Acme.Common\Acme.Common.csproj", "{FB9A39AB-EC99-4956-9608-AC911BDAD1D6}"
EndProject
Project("{FAE04EC0-301F-11D3-BF4B-00C04F79EFBC}") = "Acme.CommonTest", "Tests\Acme.CommonTest\Acme.CommonTest.csproj", "{A69B385D-9F15-4C3F-96CD-851158DE2359}"
EndProject
Global
	GlobalSection(SolutionConfigurationPlatforms) = preSolution
		Debug|Any CPU = Debug|Any CPU
		Release|Any CPU = Release|Any CPU
	EndGlobalSection
	GlobalSection(ProjectConfigurationPlatforms) = postSolution
		{3E689F6F-FA5E-4EED-BFC0-40525ACCCE9F}.Debug|Any CPU.ActiveCfg = Debug|Any CPU
		{3E689F6F-FA5E-4EED-BFC0-40525ACCCE9F}.Debug|Any CPU.Build.0 = Debug|Any CPU
		{3E689F6F-FA5E-4EED-BFC0-40525ACCCE9F}.Release|Any CPU.ActiveCfg = Release|Any CPU
		{3E689F6F-FA5E-4EED-BFC0-40525ACCCE9F}.Release|Any CPU.Build.0 = Release|Any CPU
		{81BFFC72-9A6E-4199-B311-8FA6205205F7}.Debug|Any CPU.ActiveCfg = Debug|Any CPU
		{81BFFC72-9A6E-4199-B311-8FA6205205F7}.Debug|Any CPU.Build.0 = Debug|Any CPU
		{81BFFC72-9A6E-4199-B311-8FA6205205F7}.Release|Any CPU.ActiveCfg = Release|Any CPU
		{81BFFC72-9A6E-4199-B311-8FA6205205F7}.Release|Any CPU.Build.0 = Release|Any CPU
		{FB9A39AB-EC99-4956-9608-AC911BDAD1D6}.Debug|Any CPU.ActiveCfg = Debug|Any CPU
		{FB9A39AB-EC99-4956-9608-AC911BDAD1D6}.Debug|Any CPU.Build.0 = Debug|Any CPU
		{FB9A39AB-EC99-4956-9608-AC911BDAD1D6}.Release|Any CPU.ActiveCfg = Release|Any CPU
		{FB9A39AB-EC99-4956-9608-AC911BDAD1D6}.Release|Any CPU.Build.0 = Release|Any CPU
		{A69B385D-9F15-4C3F-96CD-851158DE2359}.Debug|Any CPU.ActiveCfg = Debug|Any CPU
		{A69B385D-9F15-4C3F-96CD-851158DE2359}.Debug|Any CPU.Build.0 = Debug|Any CPU
		{A69B385D-9F15-4C3F-96CD-851158DE2359}.Release|Any CPU.ActiveCfg = Release|Any CPU
		{A69B385D-9F15-4C3F-96CD-851158DE2359}.Release|Any CPU.Build.0 = Release|Any CPU
	EndGlobalSection
	GlobalSection(SolutionProperties) = preSolution
		HideSolutionNode = FALSE
	EndGlobalSection
	GlobalSection(NestedProjects) = preSolution
		{81BFFC72-9A6E-4199-B311-8FA6205205F7} = {636402E0-0C2D-4F45-B813-009E4A59566C}
		{A69B385D-9F15-4C3F-96CD-851158DE2359} = {636402E0-0C2D-4F45-B813-009E4A59566C}
	EndGlobalSection
	GlobalSection(ExtensibilityGlobals) = postSolution
		SolutionGuid = {25C027D7-3B7F-4785-BC23-60BA25568B30}
	EndGlobalSection
EndGlobal
