
Microsoft Visual Studio Solution File, Format Version 12.00
# Visual Studio Version 16
VisualStudioVersion = 16.0.29613.14
MinimumVisualStudioVersion = 10.0.40219.1
Project("{FAE04EC0-301F-11D3-BF4B-00C04F79EFBC}") = "TwitterApi", "TwitterApi\TwitterApi.csproj", "{7A9F1B1D-D5DE-4A58-8DAD-28E25F3AFAB5}"
EndProject
Project("{FAE04EC0-301F-11D3-BF4B-00C04F79EFBC}") = "TwitterMvcApp", "TwitterMvcApp\TwitterMvcApp.csproj", "{7FEE766E-D7E3-4D80-95E9-CF070A71B486}"
EndProject
Global
	GlobalSection(SolutionConfigurationPlatforms) = preSolution
		Debug|Any CPU = Debug|Any CPU
		Release|Any CPU = Release|Any CPU
	EndGlobalSection
	GlobalSection(ProjectConfigurationPlatforms) = postSolution
		{7A9F1B1D-D5DE-4A58-8DAD-28E25F3AFAB5}.Debug|Any CPU.ActiveCfg = Debug|Any CPU
		{7A9F1B1D-D5DE-4A58-8DAD-28E25F3AFAB5}.Debug|Any CPU.Build.0 = Debug|Any CPU
		{7A9F1B1D-D5DE-4A58-8DAD-28E25F3AFAB5}.Release|Any CPU.ActiveCfg = Release|Any CPU
		{7A9F1B1D-D5DE-4A58-8DAD-28E25F3AFAB5}.Release|Any CPU.Build.0 = Release|Any CPU
		{7FEE766E-D7E3-4D80-95E9-CF070A71B486}.Debug|Any CPU.ActiveCfg = Debug|Any CPU
		{7FEE766E-D7E3-4D80-95E9-CF070A71B486}.Debug|Any CPU.Build.0 = Debug|Any CPU
		{7FEE766E-D7E3-4D80-95E9-CF070A71B486}.Release|Any CPU.ActiveCfg = Release|Any CPU
		{7FEE766E-D7E3-4D80-95E9-CF070A71B486}.Release|Any CPU.Build.0 = Release|Any CPU
	EndGlobalSection
	GlobalSection(SolutionProperties) = preSolution
		HideSolutionNode = FALSE
	EndGlobalSection
	GlobalSection(ExtensibilityGlobals) = postSolution
		SolutionGuid = {0416FB01-2814-44A4-9C47-64D5F2933E27}
	EndGlobalSection
EndGlobal
