
Microsoft Visual Studio Solution File, Format Version 12.00
# Visual Studio Version 16
VisualStudioVersion = 16.0.29613.14
MinimumVisualStudioVersion = 10.0.40219.1
Project("{FAE04EC0-301F-11D3-BF4B-00C04F79EFBC}") = "SingleResponsibility1", "SingleResponsibility1\SingleResponsibility1.csproj", "{C242079D-0CCF-4F61-8EE7-B308CC5030EF}"
EndProject
Project("{FAE04EC0-301F-11D3-BF4B-00C04F79EFBC}") = "Operaciones", "Operaciones\Operaciones.csproj", "{310D4A8A-7901-4E64-B7F8-BF4DBCFB8319}"
EndProject
Global
	GlobalSection(SolutionConfigurationPlatforms) = preSolution
		Debug|Any CPU = Debug|Any CPU
		Release|Any CPU = Release|Any CPU
	EndGlobalSection
	GlobalSection(ProjectConfigurationPlatforms) = postSolution
		{C242079D-0CCF-4F61-8EE7-B308CC5030EF}.Debug|Any CPU.ActiveCfg = Debug|Any CPU
		{C242079D-0CCF-4F61-8EE7-B308CC5030EF}.Debug|Any CPU.Build.0 = Debug|Any CPU
		{C242079D-0CCF-4F61-8EE7-B308CC5030EF}.Release|Any CPU.ActiveCfg = Release|Any CPU
		{C242079D-0CCF-4F61-8EE7-B308CC5030EF}.Release|Any CPU.Build.0 = Release|Any CPU
		{310D4A8A-7901-4E64-B7F8-BF4DBCFB8319}.Debug|Any CPU.ActiveCfg = Debug|Any CPU
		{310D4A8A-7901-4E64-B7F8-BF4DBCFB8319}.Debug|Any CPU.Build.0 = Debug|Any CPU
		{310D4A8A-7901-4E64-B7F8-BF4DBCFB8319}.Release|Any CPU.ActiveCfg = Release|Any CPU
		{310D4A8A-7901-4E64-B7F8-BF4DBCFB8319}.Release|Any CPU.Build.0 = Release|Any CPU
	EndGlobalSection
	GlobalSection(SolutionProperties) = preSolution
		HideSolutionNode = FALSE
	EndGlobalSection
	GlobalSection(ExtensibilityGlobals) = postSolution
		SolutionGuid = {277EFA31-04C2-4CD7-93BE-B14CE6B75ECB}
	EndGlobalSection
EndGlobal
