
Microsoft Visual Studio Solution File, Format Version 12.00
# Visual Studio Express 15 for Windows Desktop
VisualStudioVersion = 15.0.28307.902
MinimumVisualStudioVersion = 10.0.40219.1
Project("{FAE04EC0-301F-11D3-BF4B-00C04F79EFBC}") = "EjercicioBar", "EjercicioBar\EjercicioBar.csproj", "{A203D311-71D6-4855-95CF-C27A4E02B0B6}"
EndProject
Global
	GlobalSection(SolutionConfigurationPlatforms) = preSolution
		Debug|Any CPU = Debug|Any CPU
		Release|Any CPU = Release|Any CPU
	EndGlobalSection
	GlobalSection(ProjectConfigurationPlatforms) = postSolution
		{A203D311-71D6-4855-95CF-C27A4E02B0B6}.Debug|Any CPU.ActiveCfg = Debug|Any CPU
		{A203D311-71D6-4855-95CF-C27A4E02B0B6}.Debug|Any CPU.Build.0 = Debug|Any CPU
		{A203D311-71D6-4855-95CF-C27A4E02B0B6}.Release|Any CPU.ActiveCfg = Release|Any CPU
		{A203D311-71D6-4855-95CF-C27A4E02B0B6}.Release|Any CPU.Build.0 = Release|Any CPU
	EndGlobalSection
	GlobalSection(SolutionProperties) = preSolution
		HideSolutionNode = FALSE
	EndGlobalSection
	GlobalSection(ExtensibilityGlobals) = postSolution
		SolutionGuid = {37994966-EC3D-48BD-8B8B-55C4D0DD1D68}
	EndGlobalSection
EndGlobal
