
Microsoft Visual Studio Solution File, Format Version 12.00
# Visual Studio Express 15 for Windows Desktop
VisualStudioVersion = 15.0.28307.902
MinimumVisualStudioVersion = 10.0.40219.1
Project("{FAE04EC0-301F-11D3-BF4B-00C04F79EFBC}") = "FileSystemWatcherExample", "FileSystemWatcherExample\FileSystemWatcherExample.csproj", "{3DFDEF95-DE92-4027-928B-C894565F223C}"
EndProject
Global
	GlobalSection(SolutionConfigurationPlatforms) = preSolution
		Debug|Any CPU = Debug|Any CPU
		Release|Any CPU = Release|Any CPU
	EndGlobalSection
	GlobalSection(ProjectConfigurationPlatforms) = postSolution
		{3DFDEF95-DE92-4027-928B-C894565F223C}.Debug|Any CPU.ActiveCfg = Debug|Any CPU
		{3DFDEF95-DE92-4027-928B-C894565F223C}.Debug|Any CPU.Build.0 = Debug|Any CPU
		{3DFDEF95-DE92-4027-928B-C894565F223C}.Release|Any CPU.ActiveCfg = Release|Any CPU
		{3DFDEF95-DE92-4027-928B-C894565F223C}.Release|Any CPU.Build.0 = Release|Any CPU
	EndGlobalSection
	GlobalSection(SolutionProperties) = preSolution
		HideSolutionNode = FALSE
	EndGlobalSection
	GlobalSection(ExtensibilityGlobals) = postSolution
		SolutionGuid = {8B163FF2-9FA2-4F18-AF27-57E680AE17A2}
	EndGlobalSection
EndGlobal
